
Microsoft Visual Studio Solution File, Format Version 12.00
# Visual Studio Version 17
VisualStudioVersion = 17.10.35027.167
MinimumVisualStudioVersion = 10.0.40219.1
Project("{FAE04EC0-301F-11D3-BF4B-00C04F79EFBC}") = "MauiAppMinhasCompras", "MauiAppMinhasCompras\MauiAppMinhasCompras.csproj", "{7DE0F333-F458-47D4-B153-80F9DB0995C6}"
EndProject
Global
	GlobalSection(SolutionConfigurationPlatforms) = preSolution
		Debug|Any CPU = Debug|Any CPU
		Release|Any CPU = Release|Any CPU
	EndGlobalSection
	GlobalSection(ProjectConfigurationPlatforms) = postSolution
		{7DE0F333-F458-47D4-B153-80F9DB0995C6}.Debug|Any CPU.ActiveCfg = Debug|Any CPU
		{7DE0F333-F458-47D4-B153-80F9DB0995C6}.Debug|Any CPU.Build.0 = Debug|Any CPU
		{7DE0F333-F458-47D4-B153-80F9DB0995C6}.Debug|Any CPU.Deploy.0 = Debug|Any CPU
		{7DE0F333-F458-47D4-B153-80F9DB0995C6}.Release|Any CPU.ActiveCfg = Release|Any CPU
		{7DE0F333-F458-47D4-B153-80F9DB0995C6}.Release|Any CPU.Build.0 = Release|Any CPU
		{7DE0F333-F458-47D4-B153-80F9DB0995C6}.Release|Any CPU.Deploy.0 = Release|Any CPU
	EndGlobalSection
	GlobalSection(SolutionProperties) = preSolution
		HideSolutionNode = FALSE
	EndGlobalSection
	GlobalSection(ExtensibilityGlobals) = postSolution
		SolutionGuid = {7EE06C87-F835-4E24-B8E6-3A4DC8156BA8}
	EndGlobalSection
EndGlobal
